{
  "pins" : [
    {
      "identity" : "fyvideocompressor",
      "kind" : "remoteSourceControl",
      "location" : "https://github.com/T2Je/FYVideoCompressor.git",
      "state" : {
        "revision" : "6621cf3a14cdc7304d6c54f363c4b6ab68ed06d2",
        "version" : "0.0.3"
      }
    }
  ],
  "version" : 2
}
